
Microsoft Visual Studio Solution File, Format Version 12.00
# Visual Studio Version 16
VisualStudioVersion = 16.0.32802.440
MinimumVisualStudioVersion = 10.0.40219.1
Project("{FAE04EC0-301F-11D3-BF4B-00C04F79EFBC}") = "PillowComp", "PillowComp.csproj", "{77FF8E8E-2805-4639-8185-54E174D559FE}"
EndProject
Global
	GlobalSection(SolutionConfigurationPlatforms) = preSolution
		Debug|Any CPU = Debug|Any CPU
		Release|Any CPU = Release|Any CPU
	EndGlobalSection
	GlobalSection(ProjectConfigurationPlatforms) = postSolution
		{77FF8E8E-2805-4639-8185-54E174D559FE}.Debug|Any CPU.ActiveCfg = Debug|Any CPU
		{77FF8E8E-2805-4639-8185-54E174D559FE}.Debug|Any CPU.Build.0 = Debug|Any CPU
		{77FF8E8E-2805-4639-8185-54E174D559FE}.Release|Any CPU.ActiveCfg = Release|Any CPU
		{77FF8E8E-2805-4639-8185-54E174D559FE}.Release|Any CPU.Build.0 = Release|Any CPU
	EndGlobalSection
	GlobalSection(SolutionProperties) = preSolution
		HideSolutionNode = FALSE
	EndGlobalSection
	GlobalSection(ExtensibilityGlobals) = postSolution
		SolutionGuid = {2ABA5236-A11E-479C-8D52-AF9B28FB999B}
	EndGlobalSection
EndGlobal
